// !$*UTF8*$!
{
	archiveVersion = 1;
	classes = {
	};
	objectVersion = 46;
	objects = {

/* Begin PBXAggregateTarget section */
		2090CCCAF9E640C8AFAA7053 /* ZERO_CHECK */ = {
			isa = PBXAggregateTarget;
			buildConfigurationList = 88784F63179F498A83AE516D /* Build configuration list for PBXAggregateTarget "ZERO_CHECK" */;
			buildPhases = (
				C5BC3E54C4C64FD488F3409D /* CMake Rules */,
			);
			dependencies = (
			);
			name = ZERO_CHECK;
			productName = ZERO_CHECK;
		};
		7F9A353A442A485BB328D49E /* ALL_BUILD */ = {
			isa = PBXAggregateTarget;
			buildConfigurationList = DDB3B9A8E6AD4F5080CF61A2 /* Build configuration list for PBXAggregateTarget "ALL_BUILD" */;
			buildPhases = (
				01EEE7CB0CE3478BB641EA1F /* CMake Rules */,
			);
			dependencies = (
				47F3177B42AA4507AB92A0C1 /* PBXTargetDependency */,
				D548AA88882E4A4AB259B6CA /* PBXTargetDependency */,
			);
			name = ALL_BUILD;
			productName = ALL_BUILD;
		};
/* End PBXAggregateTarget section */

/* Begin PBXBuildFile section */
		917CF2A621B42C4100D06A4D /* Car.cpp in Sources */ = {isa = PBXBuildFile; fileRef = 917CF2A321B42A8300D06A4D /* Car.cpp */; };
		917CF2A721B42C4500D06A4D /* Map.cpp in Sources */ = {isa = PBXBuildFile; fileRef = 917CF2A221B42A8300D06A4D /* Map.cpp */; };
		CAB1C33AD16D44669BE4F9C1 /* main.cpp in Sources */ = {isa = PBXBuildFile; fileRef = 3BA4384E3FAD4ACBAB819EC3 /* main.cpp */; };
/* End PBXBuildFile section */

/* Begin PBXContainerItemProxy section */
		18E8A19AF76946A083AD23E0 /* PBXContainerItemProxy */ = {
			isa = PBXContainerItemProxy;
			containerPortal = 2D7D3CEE14F14A74AF55B125 /* Project object */;
			proxyType = 1;
			remoteGlobalIDString = E3DACFAEB61C4A67920206AC;
			remoteInfo = path_planning;
		};
		944529D4C3AE4697A3B91B3D /* PBXContainerItemProxy */ = {
			isa = PBXContainerItemProxy;
			containerPortal = 2D7D3CEE14F14A74AF55B125 /* Project object */;
			proxyType = 1;
			remoteGlobalIDString = 2090CCCAF9E640C8AFAA7053;
			remoteInfo = ZERO_CHECK;
		};
		9A773196524E4845BFBE407B /* PBXContainerItemProxy */ = {
			isa = PBXContainerItemProxy;
			containerPortal = 2D7D3CEE14F14A74AF55B125 /* Project object */;
			proxyType = 1;
			remoteGlobalIDString = 2090CCCAF9E640C8AFAA7053;
			remoteInfo = ZERO_CHECK;
		};
/* End PBXContainerItemProxy section */

/* Begin PBXFileReference section */
		0A95B836A9E64E80B1B094EE /* CMakeLists.txt */ = {isa = PBXFileReference; explicitFileType = sourcecode.text; fileEncoding = 4; lastKnownFileType = text; path = CMakeLists.txt; sourceTree = SOURCE_ROOT; };
		3BA4384E3FAD4ACBAB819EC3 /* main.cpp */ = {isa = PBXFileReference; explicitFileType = sourcecode.cpp.cpp; fileEncoding = 4; indentWidth = 2; name = main.cpp; path = src/main.cpp; sourceTree = SOURCE_ROOT; tabWidth = 2; };
		917CF2A021B42A8300D06A4D /* json.hpp */ = {isa = PBXFileReference; fileEncoding = 4; lastKnownFileType = sourcecode.cpp.h; name = json.hpp; path = src/json.hpp; sourceTree = "<group>"; };
		917CF2A121B42A8300D06A4D /* Car.hpp */ = {isa = PBXFileReference; fileEncoding = 4; indentWidth = 2; lastKnownFileType = sourcecode.cpp.h; name = Car.hpp; path = src/Car.hpp; sourceTree = "<group>"; tabWidth = 2; };
		917CF2A221B42A8300D06A4D /* Map.cpp */ = {isa = PBXFileReference; fileEncoding = 4; indentWidth = 2; lastKnownFileType = sourcecode.cpp.cpp; name = Map.cpp; path = src/Map.cpp; sourceTree = "<group>"; tabWidth = 2; };
		917CF2A321B42A8300D06A4D /* Car.cpp */ = {isa = PBXFileReference; fileEncoding = 4; indentWidth = 2; lastKnownFileType = sourcecode.cpp.cpp; name = Car.cpp; path = src/Car.cpp; sourceTree = "<group>"; tabWidth = 2; };
		917CF2A421B42A8300D06A4D /* Map.h */ = {isa = PBXFileReference; fileEncoding = 4; indentWidth = 2; lastKnownFileType = sourcecode.c.h; name = Map.h; path = src/Map.h; sourceTree = "<group>"; tabWidth = 2; };
		917CF2A521B42A8300D06A4D /* spline.h */ = {isa = PBXFileReference; fileEncoding = 4; lastKnownFileType = sourcecode.c.h; name = spline.h; path = src/spline.h; sourceTree = "<group>"; };
		A4BCAE04BC9A4F90AF797D17 /* CMakeLists.txt */ = {isa = PBXFileReference; explicitFileType = sourcecode.text; fileEncoding = 4; lastKnownFileType = text; path = CMakeLists.txt; sourceTree = SOURCE_ROOT; };
		D804EEED14194621A5712DC4 /* path_planning */ = {isa = PBXFileReference; explicitFileType = "compiled.mach-o.executable"; path = path_planning; sourceTree = BUILT_PRODUCTS_DIR; };
/* End PBXFileReference section */

/* Begin PBXGroup section */
		24F7C5F306054DBA9B569578 = {
			isa = PBXGroup;
			children = (
				259497C4CE76468D95832B38 /* path_planning */,
				AF73CE423A3440B78FE00133 /* ALL_BUILD */,
				365630F5D72C4ED086EDB8A4 /* Products */,
			);
			sourceTree = "<group>";
		};
		259497C4CE76468D95832B38 /* path_planning */ = {
			isa = PBXGroup;
			children = (
				3E59FBF510264F45897726E5 /* Source Files */,
				0A95B836A9E64E80B1B094EE /* CMakeLists.txt */,
			);
			name = path_planning;
			sourceTree = "<group>";
		};
		365630F5D72C4ED086EDB8A4 /* Products */ = {
			isa = PBXGroup;
			children = (
				D804EEED14194621A5712DC4 /* path_planning */,
			);
			name = Products;
			sourceTree = "<group>";
		};
		3E59FBF510264F45897726E5 /* Source Files */ = {
			isa = PBXGroup;
			children = (
				917CF2A321B42A8300D06A4D /* Car.cpp */,
				917CF2A121B42A8300D06A4D /* Car.hpp */,
				917CF2A021B42A8300D06A4D /* json.hpp */,
				917CF2A221B42A8300D06A4D /* Map.cpp */,
				917CF2A421B42A8300D06A4D /* Map.h */,
				917CF2A521B42A8300D06A4D /* spline.h */,
				3BA4384E3FAD4ACBAB819EC3 /* main.cpp */,
			);
			name = "Source Files";
			sourceTree = "<group>";
		};
		9F26D7EA4D234B83BDBC6AE0 /* CMake Rules */ = {
			isa = PBXGroup;
			children = (
			);
			name = "CMake Rules";
			sourceTree = "<group>";
		};
		AF73CE423A3440B78FE00133 /* ALL_BUILD */ = {
			isa = PBXGroup;
			children = (
				9F26D7EA4D234B83BDBC6AE0 /* CMake Rules */,
				A4BCAE04BC9A4F90AF797D17 /* CMakeLists.txt */,
			);
			name = ALL_BUILD;
			sourceTree = "<group>";
		};
/* End PBXGroup section */

/* Begin PBXNativeTarget section */
		E3DACFAEB61C4A67920206AC /* path_planning */ = {
			isa = PBXNativeTarget;
			buildConfigurationList = B85769D4B0F944F290801F4A /* Build configuration list for PBXNativeTarget "path_planning" */;
			buildPhases = (
				6E026AB1284C42E5BCEF6F25 /* Sources */,
			);
			buildRules = (
			);
			dependencies = (
				1A16770F1E3242CA8D94ABA7 /* PBXTargetDependency */,
			);
			name = path_planning;
			productName = path_planning;
			productReference = D804EEED14194621A5712DC4 /* path_planning */;
			productType = "com.apple.product-type.tool";
		};
/* End PBXNativeTarget section */

/* Begin PBXProject section */
		2D7D3CEE14F14A74AF55B125 /* Project object */ = {
			isa = PBXProject;
			attributes = {
				BuildIndependentTargetsInParallel = YES;
				LastUpgradeCheck = 1010;
			};
			buildConfigurationList = FFB722BD32F240DE8C7382B1 /* Build configuration list for PBXProject "Path_Planning" */;
			compatibilityVersion = "Xcode 3.2";
			developmentRegion = en;
			hasScannedForEncodings = 0;
			knownRegions = (
				en,
			);
			mainGroup = 24F7C5F306054DBA9B569578;
			projectDirPath = ../;
			projectRoot = "";
			targets = (
				7F9A353A442A485BB328D49E /* ALL_BUILD */,
				2090CCCAF9E640C8AFAA7053 /* ZERO_CHECK */,
				E3DACFAEB61C4A67920206AC /* path_planning */,
			);
		};
/* End PBXProject section */

/* Begin PBXShellScriptBuildPhase section */
		01EEE7CB0CE3478BB641EA1F /* CMake Rules */ = {
			isa = PBXShellScriptBuildPhase;
			buildActionMask = 2147483647;
			files = (
			);
			name = "CMake Rules";
			runOnlyForDeploymentPostprocessing = 0;
			shellPath = /bin/sh;
			shellScript = "make -C /Users/doug/Documents/GitHub/Udacity\\ Self\\ Driving\\ Car\\ Term\\ 3/Project\\ 1/Path-Planning-Project/xcode -f /Users/doug/Documents/GitHub/Udacity\\ Self\\ Driving\\ Car\\ Term\\ 3/Project\\ 1/Path-Planning-Project/xcode/CMakeScripts/ALL_BUILD_cmakeRulesBuildPhase.make$CONFIGURATION all";
			showEnvVarsInLog = 0;
		};
		C5BC3E54C4C64FD488F3409D /* CMake Rules */ = {
			isa = PBXShellScriptBuildPhase;
			buildActionMask = 2147483647;
			files = (
			);
			name = "CMake Rules";
			runOnlyForDeploymentPostprocessing = 0;
			shellPath = /bin/sh;
			shellScript = "make -C /Users/doug/Documents/GitHub/Udacity\\ Self\\ Driving\\ Car\\ Term\\ 3/Project\\ 1/Path-Planning-Project/xcode -f /Users/doug/Documents/GitHub/Udacity\\ Self\\ Driving\\ Car\\ Term\\ 3/Project\\ 1/Path-Planning-Project/xcode/CMakeScripts/ZERO_CHECK_cmakeRulesBuildPhase.make$CONFIGURATION all";
			showEnvVarsInLog = 0;
		};
/* End PBXShellScriptBuildPhase section */

/* Begin PBXSourcesBuildPhase section */
		6E026AB1284C42E5BCEF6F25 /* Sources */ = {
			isa = PBXSourcesBuildPhase;
			buildActionMask = 2147483647;
			files = (
				917CF2A721B42C4500D06A4D /* Map.cpp in Sources */,
				917CF2A621B42C4100D06A4D /* Car.cpp in Sources */,
				CAB1C33AD16D44669BE4F9C1 /* main.cpp in Sources */,
			);
			runOnlyForDeploymentPostprocessing = 0;
		};
/* End PBXSourcesBuildPhase section */

/* Begin PBXTargetDependency section */
		1A16770F1E3242CA8D94ABA7 /* PBXTargetDependency */ = {
			isa = PBXTargetDependency;
			target = 2090CCCAF9E640C8AFAA7053 /* ZERO_CHECK */;
			targetProxy = 944529D4C3AE4697A3B91B3D /* PBXContainerItemProxy */;
		};
		47F3177B42AA4507AB92A0C1 /* PBXTargetDependency */ = {
			isa = PBXTargetDependency;
			target = E3DACFAEB61C4A67920206AC /* path_planning */;
			targetProxy = 18E8A19AF76946A083AD23E0 /* PBXContainerItemProxy */;
		};
		D548AA88882E4A4AB259B6CA /* PBXTargetDependency */ = {
			isa = PBXTargetDependency;
			target = 2090CCCAF9E640C8AFAA7053 /* ZERO_CHECK */;
			targetProxy = 9A773196524E4845BFBE407B /* PBXContainerItemProxy */;
		};
/* End PBXTargetDependency section */

/* Begin XCBuildConfiguration section */
		02199AF3C3BC4D2899874D81 /* Release */ = {
			isa = XCBuildConfiguration;
			buildSettings = {
				COMBINE_HIDPI_IMAGES = YES;
				GCC_GENERATE_DEBUGGING_SYMBOLS = YES;
				GCC_INLINES_ARE_PRIVATE_EXTERN = NO;
				GCC_OPTIMIZATION_LEVEL = 0;
				GCC_PREPROCESSOR_DEFINITIONS = "'CMAKE_INTDIR=\"$(CONFIGURATION)$(EFFECTIVE_PLATFORM_NAME)\"'";
				GCC_SYMBOLS_PRIVATE_EXTERN = NO;
				INSTALL_PATH = "";
				OTHER_LDFLAGS = " ";
				OTHER_REZFLAGS = "";
				PRODUCT_NAME = ALL_BUILD;
				SECTORDER_FLAGS = "";
				SYMROOT = "/Users/doug/Documents/GitHub/Udacity Self Driving Car Term 3/Project 1/Path-Planning-Project/xcode";
				USE_HEADERMAP = NO;
				WARNING_CFLAGS = (
					"-Wmost",
					"-Wno-four-char-constants",
					"-Wno-unknown-pragmas",
					"$(inherited)",
				);
			};
			name = Release;
		};
		0B3D2BEBC0BE41F79CB77458 /* Release */ = {
			isa = XCBuildConfiguration;
			buildSettings = {
				COMBINE_HIDPI_IMAGES = YES;
				GCC_GENERATE_DEBUGGING_SYMBOLS = YES;
				GCC_INLINES_ARE_PRIVATE_EXTERN = NO;
				GCC_OPTIMIZATION_LEVEL = 0;
				GCC_PREPROCESSOR_DEFINITIONS = "'CMAKE_INTDIR=\"$(CONFIGURATION)$(EFFECTIVE_PLATFORM_NAME)\"'";
				GCC_SYMBOLS_PRIVATE_EXTERN = NO;
				INSTALL_PATH = "";
				OTHER_LDFLAGS = " ";
				OTHER_REZFLAGS = "";
				PRODUCT_NAME = ZERO_CHECK;
				SECTORDER_FLAGS = "";
				SYMROOT = "/Users/doug/Documents/GitHub/Udacity Self Driving Car Term 3/Project 1/Path-Planning-Project/xcode";
				USE_HEADERMAP = NO;
				WARNING_CFLAGS = (
					"-Wmost",
					"-Wno-four-char-constants",
					"-Wno-unknown-pragmas",
					"$(inherited)",
				);
			};
			name = Release;
		};
		1615EACB9931426699A15A82 /* RelWithDebInfo */ = {
			isa = XCBuildConfiguration;
			buildSettings = {
				ONLY_ACTIVE_ARCH = YES;
				SDKROOT = /Applications/Xcode.app/Contents/Developer/Platforms/MacOSX.platform/Developer/SDKs/MacOSX10.14.sdk;
				SYMROOT = "/Users/doug/Documents/GitHub/Udacity Self Driving Car Term 3/Project 1/Path-Planning-Project/xcode/build";
			};
			name = RelWithDebInfo;
		};
		1A02F05900574F73A57E74A2 /* MinSizeRel */ = {
			isa = XCBuildConfiguration;
			buildSettings = {
				COMBINE_HIDPI_IMAGES = YES;
				GCC_GENERATE_DEBUGGING_SYMBOLS = YES;
				GCC_INLINES_ARE_PRIVATE_EXTERN = NO;
				GCC_OPTIMIZATION_LEVEL = 0;
				GCC_PREPROCESSOR_DEFINITIONS = "'CMAKE_INTDIR=\"$(CONFIGURATION)$(EFFECTIVE_PLATFORM_NAME)\"'";
				GCC_SYMBOLS_PRIVATE_EXTERN = NO;
				INSTALL_PATH = "";
				OTHER_LDFLAGS = " ";
				OTHER_REZFLAGS = "";
				PRODUCT_NAME = ZERO_CHECK;
				SECTORDER_FLAGS = "";
				SYMROOT = "/Users/doug/Documents/GitHub/Udacity Self Driving Car Term 3/Project 1/Path-Planning-Project/xcode";
				USE_HEADERMAP = NO;
				WARNING_CFLAGS = (
					"-Wmost",
					"-Wno-four-char-constants",
					"-Wno-unknown-pragmas",
					"$(inherited)",
				);
			};
			name = MinSizeRel;
		};
		25564A4F47C2462F87CF3241 /* RelWithDebInfo */ = {
			isa = XCBuildConfiguration;
			buildSettings = {
				COMBINE_HIDPI_IMAGES = YES;
				EXECUTABLE_PREFIX = "";
				EXECUTABLE_SUFFIX = "";
				GCC_GENERATE_DEBUGGING_SYMBOLS = YES;
				GCC_INLINES_ARE_PRIVATE_EXTERN = NO;
				GCC_OPTIMIZATION_LEVEL = 2;
				GCC_PREPROCESSOR_DEFINITIONS = "'CMAKE_INTDIR=\"$(CONFIGURATION)$(EFFECTIVE_PLATFORM_NAME)\"'";
				GCC_SYMBOLS_PRIVATE_EXTERN = NO;
				HEADER_SEARCH_PATHS = (
					/usr/local/include,
					/usr/local/opt/openssl/include,
				);
				INSTALL_PATH = "";
				LD_RUNPATH_SEARCH_PATHS = "/usr/local/lib /usr/local/opt/openssl/lib /usr/local/Cellar/libuv/1.11.0/lib";
				LIBRARY_SEARCH_PATHS = (
					"/usr/local/lib/$(CONFIGURATION)$(EFFECTIVE_PLATFORM_NAME)",
					/usr/local/lib,
					"/usr/local/opt/openssl/lib/$(CONFIGURATION)$(EFFECTIVE_PLATFORM_NAME)",
					/usr/local/opt/openssl/lib,
					"/usr/local/Cellar/libuv/1.11.0/lib/$(CONFIGURATION)$(EFFECTIVE_PLATFORM_NAME)",
					/usr/local/Cellar/libuv/1.11.0/lib,
				);
				OTHER_CPLUSPLUSFLAGS = (
					"-DNDEBUG",
					"-std=c++11",
				);
				OTHER_LDFLAGS = (
					"-Wl,-search_paths_first",
					"-Wl,-headerpad_max_install_names",
					"-lz",
					"-lssl",
					"-luv",
					"-luWS",
				);
				OTHER_REZFLAGS = "";
				PRODUCT_NAME = path_planning;
				SECTORDER_FLAGS = "";
				SYMROOT = "/Users/doug/Documents/GitHub/Udacity Self Driving Car Term 3/Project 1/Path-Planning-Project/xcode";
				USE_HEADERMAP = NO;
				WARNING_CFLAGS = (
					"-Wmost",
					"-Wno-four-char-constants",
					"-Wno-unknown-pragmas",
					"$(inherited)",
				);
			};
			name = RelWithDebInfo;
		};
		2F7CE82CA1204C02A9022795 /* MinSizeRel */ = {
			isa = XCBuildConfiguration;
			buildSettings = {
				COMBINE_HIDPI_IMAGES = YES;
				EXECUTABLE_PREFIX = "";
				EXECUTABLE_SUFFIX = "";
				GCC_GENERATE_DEBUGGING_SYMBOLS = NO;
				GCC_INLINES_ARE_PRIVATE_EXTERN = NO;
				GCC_OPTIMIZATION_LEVEL = s;
				GCC_PREPROCESSOR_DEFINITIONS = "'CMAKE_INTDIR=\"$(CONFIGURATION)$(EFFECTIVE_PLATFORM_NAME)\"'";
				GCC_SYMBOLS_PRIVATE_EXTERN = NO;
				HEADER_SEARCH_PATHS = (
					/usr/local/include,
					/usr/local/opt/openssl/include,
				);
				INSTALL_PATH = "";
				LD_RUNPATH_SEARCH_PATHS = "/usr/local/lib /usr/local/opt/openssl/lib /usr/local/Cellar/libuv/1.11.0/lib";
				LIBRARY_SEARCH_PATHS = (
					"/usr/local/lib/$(CONFIGURATION)$(EFFECTIVE_PLATFORM_NAME)",
					/usr/local/lib,
					"/usr/local/opt/openssl/lib/$(CONFIGURATION)$(EFFECTIVE_PLATFORM_NAME)",
					/usr/local/opt/openssl/lib,
					"/usr/local/Cellar/libuv/1.11.0/lib/$(CONFIGURATION)$(EFFECTIVE_PLATFORM_NAME)",
					/usr/local/Cellar/libuv/1.11.0/lib,
				);
				OTHER_CPLUSPLUSFLAGS = (
					"-DNDEBUG",
					"-std=c++11",
				);
				OTHER_LDFLAGS = (
					"-Wl,-search_paths_first",
					"-Wl,-headerpad_max_install_names",
					"-lz",
					"-lssl",
					"-luv",
					"-luWS",
				);
				OTHER_REZFLAGS = "";
				PRODUCT_NAME = path_planning;
				SECTORDER_FLAGS = "";
				SYMROOT = "/Users/doug/Documents/GitHub/Udacity Self Driving Car Term 3/Project 1/Path-Planning-Project/xcode";
				USE_HEADERMAP = NO;
				WARNING_CFLAGS = (
					"-Wmost",
					"-Wno-four-char-constants",
					"-Wno-unknown-pragmas",
					"$(inherited)",
				);
			};
			name = MinSizeRel;
		};
		443E1D093C5441B19CDB26E1 /* Debug */ = {
			isa = XCBuildConfiguration;
			buildSettings = {
				ONLY_ACTIVE_ARCH = YES;
				SDKROOT = /Applications/Xcode.app/Contents/Developer/Platforms/MacOSX.platform/Developer/SDKs/MacOSX10.14.sdk;
				SYMROOT = "/Users/doug/Documents/GitHub/Udacity Self Driving Car Term 3/Project 1/Path-Planning-Project/xcode/build";
			};
			name = Debug;
		};
		4A5969268AC249BAB2F5FFF1 /* Debug */ = {
			isa = XCBuildConfiguration;
			buildSettings = {
				COMBINE_HIDPI_IMAGES = YES;
				GCC_GENERATE_DEBUGGING_SYMBOLS = YES;
				GCC_INLINES_ARE_PRIVATE_EXTERN = NO;
				GCC_OPTIMIZATION_LEVEL = 0;
				GCC_PREPROCESSOR_DEFINITIONS = "'CMAKE_INTDIR=\"$(CONFIGURATION)$(EFFECTIVE_PLATFORM_NAME)\"'";
				GCC_SYMBOLS_PRIVATE_EXTERN = NO;
				INSTALL_PATH = "";
				OTHER_LDFLAGS = " ";
				OTHER_REZFLAGS = "";
				PRODUCT_NAME = ALL_BUILD;
				SECTORDER_FLAGS = "";
				SYMROOT = "/Users/doug/Documents/GitHub/Udacity Self Driving Car Term 3/Project 1/Path-Planning-Project/xcode";
				USE_HEADERMAP = NO;
				WARNING_CFLAGS = (
					"-Wmost",
					"-Wno-four-char-constants",
					"-Wno-unknown-pragmas",
					"$(inherited)",
				);
			};
			name = Debug;
		};
		56C452969AAF4DBFA6375492 /* Release */ = {
			isa = XCBuildConfiguration;
			buildSettings = {
				ONLY_ACTIVE_ARCH = YES;
				SDKROOT = /Applications/Xcode.app/Contents/Developer/Platforms/MacOSX.platform/Developer/SDKs/MacOSX10.14.sdk;
				SYMROOT = "/Users/doug/Documents/GitHub/Udacity Self Driving Car Term 3/Project 1/Path-Planning-Project/xcode/build";
			};
			name = Release;
		};
		7B3C8DE326BD4F1580163A0B /* RelWithDebInfo */ = {
			isa = XCBuildConfiguration;
			buildSettings = {
				COMBINE_HIDPI_IMAGES = YES;
				GCC_GENERATE_DEBUGGING_SYMBOLS = YES;
				GCC_INLINES_ARE_PRIVATE_EXTERN = NO;
				GCC_OPTIMIZATION_LEVEL = 0;
				GCC_PREPROCESSOR_DEFINITIONS = "'CMAKE_INTDIR=\"$(CONFIGURATION)$(EFFECTIVE_PLATFORM_NAME)\"'";
				GCC_SYMBOLS_PRIVATE_EXTERN = NO;
				INSTALL_PATH = "";
				OTHER_LDFLAGS = " ";
				OTHER_REZFLAGS = "";
				PRODUCT_NAME = ZERO_CHECK;
				SECTORDER_FLAGS = "";
				SYMROOT = "/Users/doug/Documents/GitHub/Udacity Self Driving Car Term 3/Project 1/Path-Planning-Project/xcode";
				USE_HEADERMAP = NO;
				WARNING_CFLAGS = (
					"-Wmost",
					"-Wno-four-char-constants",
					"-Wno-unknown-pragmas",
					"$(inherited)",
				);
			};
			name = RelWithDebInfo;
		};
		C260A9D179A340E0AB92CCD8 /* Release */ = {
			isa = XCBuildConfiguration;
			buildSettings = {
				COMBINE_HIDPI_IMAGES = YES;
				EXECUTABLE_PREFIX = "";
				EXECUTABLE_SUFFIX = "";
				GCC_GENERATE_DEBUGGING_SYMBOLS = NO;
				GCC_INLINES_ARE_PRIVATE_EXTERN = NO;
				GCC_OPTIMIZATION_LEVEL = 3;
				GCC_PREPROCESSOR_DEFINITIONS = "'CMAKE_INTDIR=\"$(CONFIGURATION)$(EFFECTIVE_PLATFORM_NAME)\"'";
				GCC_SYMBOLS_PRIVATE_EXTERN = NO;
				HEADER_SEARCH_PATHS = (
					/usr/local/include,
					/usr/local/opt/openssl/include,
				);
				INSTALL_PATH = "";
				LD_RUNPATH_SEARCH_PATHS = "/usr/local/lib /usr/local/opt/openssl/lib /usr/local/Cellar/libuv/1.11.0/lib";
				LIBRARY_SEARCH_PATHS = (
					"/usr/local/lib/$(CONFIGURATION)$(EFFECTIVE_PLATFORM_NAME)",
					/usr/local/lib,
					"/usr/local/opt/openssl/lib/$(CONFIGURATION)$(EFFECTIVE_PLATFORM_NAME)",
					/usr/local/opt/openssl/lib,
					"/usr/local/Cellar/libuv/1.11.0/lib/$(CONFIGURATION)$(EFFECTIVE_PLATFORM_NAME)",
					/usr/local/Cellar/libuv/1.11.0/lib,
				);
				OTHER_CPLUSPLUSFLAGS = (
					"-DNDEBUG",
					"-std=c++11",
				);
				OTHER_LDFLAGS = (
					"-Wl,-search_paths_first",
					"-Wl,-headerpad_max_install_names",
					"-lz",
					"-lssl",
					"-luv",
					"-luWS",
				);
				OTHER_REZFLAGS = "";
				PRODUCT_NAME = path_planning;
				SECTORDER_FLAGS = "";
				SYMROOT = "/Users/doug/Documents/GitHub/Udacity Self Driving Car Term 3/Project 1/Path-Planning-Project/xcode";
				USE_HEADERMAP = NO;
				WARNING_CFLAGS = (
					"-Wmost",
					"-Wno-four-char-constants",
					"-Wno-unknown-pragmas",
					"$(inherited)",
				);
			};
			name = Release;
		};
		CB2B60F2F6AA4051953D2D66 /* MinSizeRel */ = {
			isa = XCBuildConfiguration;
			buildSettings = {
				ONLY_ACTIVE_ARCH = YES;
				SDKROOT = /Applications/Xcode.app/Contents/Developer/Platforms/MacOSX.platform/Developer/SDKs/MacOSX10.14.sdk;
				SYMROOT = "/Users/doug/Documents/GitHub/Udacity Self Driving Car Term 3/Project 1/Path-Planning-Project/xcode/build";
			};
			name = MinSizeRel;
		};
		D49592A5254B47FCB0A0BFB1 /* RelWithDebInfo */ = {
			isa = XCBuildConfiguration;
			buildSettings = {
				COMBINE_HIDPI_IMAGES = YES;
				GCC_GENERATE_DEBUGGING_SYMBOLS = YES;
				GCC_INLINES_ARE_PRIVATE_EXTERN = NO;
				GCC_OPTIMIZATION_LEVEL = 0;
				GCC_PREPROCESSOR_DEFINITIONS = "'CMAKE_INTDIR=\"$(CONFIGURATION)$(EFFECTIVE_PLATFORM_NAME)\"'";
				GCC_SYMBOLS_PRIVATE_EXTERN = NO;
				INSTALL_PATH = "";
				OTHER_LDFLAGS = " ";
				OTHER_REZFLAGS = "";
				PRODUCT_NAME = ALL_BUILD;
				SECTORDER_FLAGS = "";
				SYMROOT = "/Users/doug/Documents/GitHub/Udacity Self Driving Car Term 3/Project 1/Path-Planning-Project/xcode";
				USE_HEADERMAP = NO;
				WARNING_CFLAGS = (
					"-Wmost",
					"-Wno-four-char-constants",
					"-Wno-unknown-pragmas",
					"$(inherited)",
				);
			};
			name = RelWithDebInfo;
		};
		EEE2524F86ED4981B6D5A912 /* Debug */ = {
			isa = XCBuildConfiguration;
			buildSettings = {
				COMBINE_HIDPI_IMAGES = YES;
				EXECUTABLE_PREFIX = "";
				EXECUTABLE_SUFFIX = "";
				GCC_GENERATE_DEBUGGING_SYMBOLS = YES;
				GCC_INLINES_ARE_PRIVATE_EXTERN = NO;
				GCC_OPTIMIZATION_LEVEL = 0;
				GCC_PREPROCESSOR_DEFINITIONS = "'CMAKE_INTDIR=\"$(CONFIGURATION)$(EFFECTIVE_PLATFORM_NAME)\"'";
				GCC_SYMBOLS_PRIVATE_EXTERN = NO;
				HEADER_SEARCH_PATHS = (
					/usr/local/include,
					/usr/local/opt/openssl/include,
				);
				INSTALL_PATH = "";
				LD_RUNPATH_SEARCH_PATHS = "/usr/local/lib /usr/local/opt/openssl/lib /usr/local/Cellar/libuv/1.11.0/lib";
				LIBRARY_SEARCH_PATHS = (
					"/usr/local/lib/$(CONFIGURATION)$(EFFECTIVE_PLATFORM_NAME)",
					/usr/local/lib,
					"/usr/local/opt/openssl/lib/$(CONFIGURATION)$(EFFECTIVE_PLATFORM_NAME)",
					/usr/local/opt/openssl/lib,
					"/usr/local/Cellar/libuv/1.11.0/lib/$(CONFIGURATION)$(EFFECTIVE_PLATFORM_NAME)",
					/usr/local/Cellar/libuv/1.11.0/lib,
				);
				OTHER_CPLUSPLUSFLAGS = "     -std=c++11";
				OTHER_LDFLAGS = (
					"-Wl,-search_paths_first",
					"-Wl,-headerpad_max_install_names",
					"-lz",
					"-lssl",
					"-luv",
					"-luWS",
				);
				OTHER_REZFLAGS = "";
				PRODUCT_NAME = path_planning;
				SECTORDER_FLAGS = "";
				SYMROOT = "/Users/doug/Documents/GitHub/Udacity Self Driving Car Term 3/Project 1/Path-Planning-Project/xcode";
				USE_HEADERMAP = NO;
				WARNING_CFLAGS = (
					"-Wmost",
					"-Wno-four-char-constants",
					"-Wno-unknown-pragmas",
					"$(inherited)",
				);
			};
			name = Debug;
		};
		F0D03F08CAEE4B96B41096E7 /* MinSizeRel */ = {
			isa = XCBuildConfiguration;
			buildSettings = {
				COMBINE_HIDPI_IMAGES = YES;
				GCC_GENERATE_DEBUGGING_SYMBOLS = YES;
				GCC_INLINES_ARE_PRIVATE_EXTERN = NO;
				GCC_OPTIMIZATION_LEVEL = 0;
				GCC_PREPROCESSOR_DEFINITIONS = "'CMAKE_INTDIR=\"$(CONFIGURATION)$(EFFECTIVE_PLATFORM_NAME)\"'";
				GCC_SYMBOLS_PRIVATE_EXTERN = NO;
				INSTALL_PATH = "";
				OTHER_LDFLAGS = " ";
				OTHER_REZFLAGS = "";
				PRODUCT_NAME = ALL_BUILD;
				SECTORDER_FLAGS = "";
				SYMROOT = "/Users/doug/Documents/GitHub/Udacity Self Driving Car Term 3/Project 1/Path-Planning-Project/xcode";
				USE_HEADERMAP = NO;
				WARNING_CFLAGS = (
					"-Wmost",
					"-Wno-four-char-constants",
					"-Wno-unknown-pragmas",
					"$(inherited)",
				);
			};
			name = MinSizeRel;
		};
		FA4DC3EC60684B9CB30486A9 /* Debug */ = {
			isa = XCBuildConfiguration;
			buildSettings = {
				COMBINE_HIDPI_IMAGES = YES;
				GCC_GENERATE_DEBUGGING_SYMBOLS = YES;
				GCC_INLINES_ARE_PRIVATE_EXTERN = NO;
				GCC_OPTIMIZATION_LEVEL = 0;
				GCC_PREPROCESSOR_DEFINITIONS = "'CMAKE_INTDIR=\"$(CONFIGURATION)$(EFFECTIVE_PLATFORM_NAME)\"'";
				GCC_SYMBOLS_PRIVATE_EXTERN = NO;
				INSTALL_PATH = "";
				OTHER_LDFLAGS = " ";
				OTHER_REZFLAGS = "";
				PRODUCT_NAME = ZERO_CHECK;
				SECTORDER_FLAGS = "";
				SYMROOT = "/Users/doug/Documents/GitHub/Udacity Self Driving Car Term 3/Project 1/Path-Planning-Project/xcode";
				USE_HEADERMAP = NO;
				WARNING_CFLAGS = (
					"-Wmost",
					"-Wno-four-char-constants",
					"-Wno-unknown-pragmas",
					"$(inherited)",
				);
			};
			name = Debug;
		};
/* End XCBuildConfiguration section */

/* Begin XCConfigurationList section */
		88784F63179F498A83AE516D /* Build configuration list for PBXAggregateTarget "ZERO_CHECK" */ = {
			isa = XCConfigurationList;
			buildConfigurations = (
				FA4DC3EC60684B9CB30486A9 /* Debug */,
				0B3D2BEBC0BE41F79CB77458 /* Release */,
				1A02F05900574F73A57E74A2 /* MinSizeRel */,
				7B3C8DE326BD4F1580163A0B /* RelWithDebInfo */,
			);
			defaultConfigurationIsVisible = 0;
			defaultConfigurationName = Debug;
		};
		B85769D4B0F944F290801F4A /* Build configuration list for PBXNativeTarget "path_planning" */ = {
			isa = XCConfigurationList;
			buildConfigurations = (
				EEE2524F86ED4981B6D5A912 /* Debug */,
				C260A9D179A340E0AB92CCD8 /* Release */,
				2F7CE82CA1204C02A9022795 /* MinSizeRel */,
				25564A4F47C2462F87CF3241 /* RelWithDebInfo */,
			);
			defaultConfigurationIsVisible = 0;
			defaultConfigurationName = Debug;
		};
		DDB3B9A8E6AD4F5080CF61A2 /* Build configuration list for PBXAggregateTarget "ALL_BUILD" */ = {
			isa = XCConfigurationList;
			buildConfigurations = (
				4A5969268AC249BAB2F5FFF1 /* Debug */,
				02199AF3C3BC4D2899874D81 /* Release */,
				F0D03F08CAEE4B96B41096E7 /* MinSizeRel */,
				D49592A5254B47FCB0A0BFB1 /* RelWithDebInfo */,
			);
			defaultConfigurationIsVisible = 0;
			defaultConfigurationName = Debug;
		};
		FFB722BD32F240DE8C7382B1 /* Build configuration list for PBXProject "Path_Planning" */ = {
			isa = XCConfigurationList;
			buildConfigurations = (
				443E1D093C5441B19CDB26E1 /* Debug */,
				56C452969AAF4DBFA6375492 /* Release */,
				CB2B60F2F6AA4051953D2D66 /* MinSizeRel */,
				1615EACB9931426699A15A82 /* RelWithDebInfo */,
			);
			defaultConfigurationIsVisible = 0;
			defaultConfigurationName = Debug;
		};
/* End XCConfigurationList section */
	};
	rootObject = 2D7D3CEE14F14A74AF55B125 /* Project object */;
}
