// !$*UTF8*$!
{
	archiveVersion = 1;
	classes = {
	};
	objectVersion = 46;
	objects = {

/* Begin PBXAggregateTarget section */
		558081ACAEE74AF0A8C63B77 /* ZERO_CHECK */ = {
			isa = PBXAggregateTarget;
			buildConfigurationList = DF6877ACD51141C7A4DB6358 /* Build configuration list for PBXAggregateTarget "ZERO_CHECK" */;
			buildPhases = (
				664DDAAF7EE24CB3B3FBEEEB /* CMake Rules */,
			);
			dependencies = (
			);
			name = ZERO_CHECK;
			productName = ZERO_CHECK;
		};
		F875675FD36541778C3C940E /* ALL_BUILD */ = {
			isa = PBXAggregateTarget;
			buildConfigurationList = AB8DB71A6E724963933BF50F /* Build configuration list for PBXAggregateTarget "ALL_BUILD" */;
			buildPhases = (
				288ADCCAB3034B7E9806A513 /* CMake Rules */,
			);
			dependencies = (
				5DED1528483E44EDBF3F740C /* PBXTargetDependency */,
				EA073357B79745779E2CA8BD /* PBXTargetDependency */,
			);
			name = ALL_BUILD;
			productName = ALL_BUILD;
		};
/* End PBXAggregateTarget section */

/* Begin PBXBuildFile section */
		66F52F3C3A4F47E996557890 /* main.cpp in Sources */ = {isa = PBXBuildFile; fileRef = 118104DD4F60435B83E321D9 /* main.cpp */; };
		91B6054521AEC4AE0093DD23 /* Car.cpp in Sources */ = {isa = PBXBuildFile; fileRef = 91B6054321AEC4AE0093DD23 /* Car.cpp */; };
		91E42D9821AE4B49000992A3 /* Map.cpp in Sources */ = {isa = PBXBuildFile; fileRef = 91E42D9621AE4B49000992A3 /* Map.cpp */; };
/* End PBXBuildFile section */

/* Begin PBXContainerItemProxy section */
		30C7A3E98F734472856B0691 /* PBXContainerItemProxy */ = {
			isa = PBXContainerItemProxy;
			containerPortal = 626152B7F9FB45D6830B9E2E /* Project object */;
			proxyType = 1;
			remoteGlobalIDString = 558081ACAEE74AF0A8C63B77;
			remoteInfo = ZERO_CHECK;
		};
		40B916D1942B43CEA3B0C4E2 /* PBXContainerItemProxy */ = {
			isa = PBXContainerItemProxy;
			containerPortal = 626152B7F9FB45D6830B9E2E /* Project object */;
			proxyType = 1;
			remoteGlobalIDString = D4624488314E4EDD84F2F052;
			remoteInfo = path_planning;
		};
		6090312E121F454DB90FAF4B /* PBXContainerItemProxy */ = {
			isa = PBXContainerItemProxy;
			containerPortal = 626152B7F9FB45D6830B9E2E /* Project object */;
			proxyType = 1;
			remoteGlobalIDString = 558081ACAEE74AF0A8C63B77;
			remoteInfo = ZERO_CHECK;
		};
/* End PBXContainerItemProxy section */

/* Begin PBXFileReference section */
		118104DD4F60435B83E321D9 /* main.cpp */ = {isa = PBXFileReference; explicitFileType = sourcecode.cpp.cpp; fileEncoding = 4; indentWidth = 2; name = main.cpp; path = src/main.cpp; sourceTree = SOURCE_ROOT; tabWidth = 2; wrapsLines = 0; };
		3DFFF8A1EC544B41BA666CA6 /* CMakeLists.txt */ = {isa = PBXFileReference; explicitFileType = sourcecode.text; fileEncoding = 4; lastKnownFileType = text; path = CMakeLists.txt; sourceTree = SOURCE_ROOT; };
		514E88F4111C4A1CAD68CC47 /* CMakeLists.txt */ = {isa = PBXFileReference; explicitFileType = sourcecode.text; fileEncoding = 4; lastKnownFileType = text; path = CMakeLists.txt; sourceTree = SOURCE_ROOT; };
		91B6054321AEC4AE0093DD23 /* Car.cpp */ = {isa = PBXFileReference; indentWidth = 2; lastKnownFileType = sourcecode.cpp.cpp; name = Car.cpp; path = src/Car.cpp; sourceTree = "<group>"; tabWidth = 2; };
		91B6054421AEC4AE0093DD23 /* Car.hpp */ = {isa = PBXFileReference; indentWidth = 2; lastKnownFileType = sourcecode.cpp.h; name = Car.hpp; path = src/Car.hpp; sourceTree = "<group>"; tabWidth = 2; };
		91B6054621AEC68C0093DD23 /* json.hpp */ = {isa = PBXFileReference; fileEncoding = 4; lastKnownFileType = sourcecode.cpp.h; name = json.hpp; path = src/json.hpp; sourceTree = "<group>"; };
		91B6054821AF8FE20093DD23 /* spline.h */ = {isa = PBXFileReference; fileEncoding = 4; lastKnownFileType = sourcecode.c.h; name = spline.h; path = src/spline.h; sourceTree = "<group>"; };
		91E42D9621AE4B49000992A3 /* Map.cpp */ = {isa = PBXFileReference; fileEncoding = 4; indentWidth = 2; lastKnownFileType = sourcecode.cpp.cpp; name = Map.cpp; path = src/Map.cpp; sourceTree = "<group>"; tabWidth = 2; };
		91E42D9721AE4B49000992A3 /* Map.h */ = {isa = PBXFileReference; fileEncoding = 4; indentWidth = 2; lastKnownFileType = sourcecode.c.h; name = Map.h; path = src/Map.h; sourceTree = "<group>"; tabWidth = 2; };
		CF658FE258B942AF9A89CEAD /* path_planning */ = {isa = PBXFileReference; explicitFileType = "compiled.mach-o.executable"; path = path_planning; sourceTree = BUILT_PRODUCTS_DIR; };
/* End PBXFileReference section */

/* Begin PBXGroup section */
		021ADFCDA8424FDE8EBFAE22 /* Products */ = {
			isa = PBXGroup;
			children = (
				CF658FE258B942AF9A89CEAD /* path_planning */,
			);
			name = Products;
			sourceTree = "<group>";
		};
		18E989B4839D4A3491093DF4 /* ALL_BUILD */ = {
			isa = PBXGroup;
			children = (
				E5253CBE0DB346CF9E642242 /* CMake Rules */,
				514E88F4111C4A1CAD68CC47 /* CMakeLists.txt */,
			);
			name = ALL_BUILD;
			sourceTree = "<group>";
		};
		2FFE6D4458D74EBFABF24FD7 = {
			isa = PBXGroup;
			children = (
				33C341CEF27E4618AED226C8 /* path_planning */,
				18E989B4839D4A3491093DF4 /* ALL_BUILD */,
				021ADFCDA8424FDE8EBFAE22 /* Products */,
			);
			sourceTree = "<group>";
		};
		33C341CEF27E4618AED226C8 /* path_planning */ = {
			isa = PBXGroup;
			children = (
				EC30FA130AAF4D57BDF39C34 /* Source Files */,
				3DFFF8A1EC544B41BA666CA6 /* CMakeLists.txt */,
			);
			name = path_planning;
			sourceTree = "<group>";
		};
		E5253CBE0DB346CF9E642242 /* CMake Rules */ = {
			isa = PBXGroup;
			children = (
			);
			name = "CMake Rules";
			sourceTree = "<group>";
		};
		EC30FA130AAF4D57BDF39C34 /* Source Files */ = {
			isa = PBXGroup;
			children = (
				91B6054821AF8FE20093DD23 /* spline.h */,
				91B6054621AEC68C0093DD23 /* json.hpp */,
				91E42D9621AE4B49000992A3 /* Map.cpp */,
				91E42D9721AE4B49000992A3 /* Map.h */,
				118104DD4F60435B83E321D9 /* main.cpp */,
				91B6054321AEC4AE0093DD23 /* Car.cpp */,
				91B6054421AEC4AE0093DD23 /* Car.hpp */,
			);
			name = "Source Files";
			sourceTree = "<group>";
		};
/* End PBXGroup section */

/* Begin PBXNativeTarget section */
		D4624488314E4EDD84F2F052 /* path_planning */ = {
			isa = PBXNativeTarget;
			buildConfigurationList = B6EBA0138B4042EBA2952E0F /* Build configuration list for PBXNativeTarget "path_planning" */;
			buildPhases = (
				19ED81BA20F84B378F543E4B /* Sources */,
			);
			buildRules = (
			);
			dependencies = (
				0E02E1C0C68C48449DE40F76 /* PBXTargetDependency */,
			);
			name = path_planning;
			productName = path_planning;
			productReference = CF658FE258B942AF9A89CEAD /* path_planning */;
			productType = "com.apple.product-type.tool";
		};
/* End PBXNativeTarget section */

/* Begin PBXProject section */
		626152B7F9FB45D6830B9E2E /* Project object */ = {
			isa = PBXProject;
			attributes = {
				BuildIndependentTargetsInParallel = YES;
				LastUpgradeCheck = 1010;
			};
			buildConfigurationList = FD6DE0F351B3484DB1553349 /* Build configuration list for PBXProject "Path_Planning" */;
			compatibilityVersion = "Xcode 3.2";
			developmentRegion = en;
			hasScannedForEncodings = 0;
			knownRegions = (
				en,
			);
			mainGroup = 2FFE6D4458D74EBFABF24FD7;
			projectDirPath = ../;
			projectRoot = "";
			targets = (
				F875675FD36541778C3C940E /* ALL_BUILD */,
				558081ACAEE74AF0A8C63B77 /* ZERO_CHECK */,
				D4624488314E4EDD84F2F052 /* path_planning */,
			);
		};
/* End PBXProject section */

/* Begin PBXShellScriptBuildPhase section */
		288ADCCAB3034B7E9806A513 /* CMake Rules */ = {
			isa = PBXShellScriptBuildPhase;
			buildActionMask = 2147483647;
			files = (
			);
			name = "CMake Rules";
			runOnlyForDeploymentPostprocessing = 0;
			shellPath = /bin/sh;
			shellScript = "make -C /Users/doug/Documents/GitHub/Udacity\\ Self\\ Driving\\ Car\\ Term\\ 3/Project\\ 1/CarND-Path-Planning-Project/xcode -f /Users/doug/Documents/GitHub/Udacity\\ Self\\ Driving\\ Car\\ Term\\ 3/Project\\ 1/CarND-Path-Planning-Project/xcode/CMakeScripts/ALL_BUILD_cmakeRulesBuildPhase.make$CONFIGURATION all";
			showEnvVarsInLog = 0;
		};
		664DDAAF7EE24CB3B3FBEEEB /* CMake Rules */ = {
			isa = PBXShellScriptBuildPhase;
			buildActionMask = 2147483647;
			files = (
			);
			name = "CMake Rules";
			runOnlyForDeploymentPostprocessing = 0;
			shellPath = /bin/sh;
			shellScript = "make -C /Users/doug/Documents/GitHub/Udacity\\ Self\\ Driving\\ Car\\ Term\\ 3/Project\\ 1/CarND-Path-Planning-Project/xcode -f /Users/doug/Documents/GitHub/Udacity\\ Self\\ Driving\\ Car\\ Term\\ 3/Project\\ 1/CarND-Path-Planning-Project/xcode/CMakeScripts/ZERO_CHECK_cmakeRulesBuildPhase.make$CONFIGURATION all";
			showEnvVarsInLog = 0;
		};
/* End PBXShellScriptBuildPhase section */

/* Begin PBXSourcesBuildPhase section */
		19ED81BA20F84B378F543E4B /* Sources */ = {
			isa = PBXSourcesBuildPhase;
			buildActionMask = 2147483647;
			files = (
				91B6054521AEC4AE0093DD23 /* Car.cpp in Sources */,
				91E42D9821AE4B49000992A3 /* Map.cpp in Sources */,
				66F52F3C3A4F47E996557890 /* main.cpp in Sources */,
			);
			runOnlyForDeploymentPostprocessing = 0;
		};
/* End PBXSourcesBuildPhase section */

/* Begin PBXTargetDependency section */
		0E02E1C0C68C48449DE40F76 /* PBXTargetDependency */ = {
			isa = PBXTargetDependency;
			target = 558081ACAEE74AF0A8C63B77 /* ZERO_CHECK */;
			targetProxy = 30C7A3E98F734472856B0691 /* PBXContainerItemProxy */;
		};
		5DED1528483E44EDBF3F740C /* PBXTargetDependency */ = {
			isa = PBXTargetDependency;
			target = 558081ACAEE74AF0A8C63B77 /* ZERO_CHECK */;
			targetProxy = 6090312E121F454DB90FAF4B /* PBXContainerItemProxy */;
		};
		EA073357B79745779E2CA8BD /* PBXTargetDependency */ = {
			isa = PBXTargetDependency;
			target = D4624488314E4EDD84F2F052 /* path_planning */;
			targetProxy = 40B916D1942B43CEA3B0C4E2 /* PBXContainerItemProxy */;
		};
/* End PBXTargetDependency section */

/* Begin XCBuildConfiguration section */
		0205095D7B904AD6A41613C8 /* Debug */ = {
			isa = XCBuildConfiguration;
			buildSettings = {
				COMBINE_HIDPI_IMAGES = YES;
				EXECUTABLE_PREFIX = "";
				EXECUTABLE_SUFFIX = "";
				GCC_GENERATE_DEBUGGING_SYMBOLS = NO;
				GCC_INLINES_ARE_PRIVATE_EXTERN = NO;
				GCC_OPTIMIZATION_LEVEL = 0;
				GCC_PREPROCESSOR_DEFINITIONS = "'CMAKE_INTDIR=\"$(CONFIGURATION)$(EFFECTIVE_PLATFORM_NAME)\"'";
				GCC_SYMBOLS_PRIVATE_EXTERN = NO;
				HEADER_SEARCH_PATHS = (
					/usr/local/include,
					/usr/local/opt/openssl/include,
				);
				INSTALL_PATH = "";
				LD_RUNPATH_SEARCH_PATHS = "/usr/local/lib /usr/local/opt/openssl/lib /usr/local/Cellar/libuv/1.11.0/lib";
				LIBRARY_SEARCH_PATHS = (
					"/usr/local/lib/$(CONFIGURATION)$(EFFECTIVE_PLATFORM_NAME)",
					/usr/local/lib,
					"/usr/local/opt/openssl/lib/$(CONFIGURATION)$(EFFECTIVE_PLATFORM_NAME)",
					/usr/local/opt/openssl/lib,
					"/usr/local/Cellar/libuv/1.11.0/lib/$(CONFIGURATION)$(EFFECTIVE_PLATFORM_NAME)",
					/usr/local/Cellar/libuv/1.11.0/lib,
				);
				OTHER_CPLUSPLUSFLAGS = "   -std=c++11";
				OTHER_LDFLAGS = (
					"-Wl,-search_paths_first",
					"-Wl,-headerpad_max_install_names",
					"-lz",
					"-lssl",
					"-luv",
					"-luWS",
				);
				OTHER_REZFLAGS = "";
				PRODUCT_NAME = path_planning;
				SECTORDER_FLAGS = "";
				SYMROOT = "/Users/doug/Documents/GitHub/Udacity Self Driving Car Term 3/Project 1/CarND-Path-Planning-Project/xcode";
				USE_HEADERMAP = NO;
				WARNING_CFLAGS = (
					"-Wmost",
					"-Wno-four-char-constants",
					"-Wno-unknown-pragmas",
					"$(inherited)",
				);
			};
			name = Debug;
		};
		1A5FEEAA329E486DB9162B2E /* Debug */ = {
			isa = XCBuildConfiguration;
			buildSettings = {
				ONLY_ACTIVE_ARCH = YES;
				SDKROOT = /Applications/Xcode.app/Contents/Developer/Platforms/MacOSX.platform/Developer/SDKs/MacOSX10.14.sdk;
				SYMROOT = "/Users/doug/Documents/GitHub/Udacity Self Driving Car Term 3/Project 1/CarND-Path-Planning-Project/xcode/build";
			};
			name = Debug;
		};
		261433F88A204C959CAE0E0A /* MinSizeRel */ = {
			isa = XCBuildConfiguration;
			buildSettings = {
				COMBINE_HIDPI_IMAGES = YES;
				GCC_GENERATE_DEBUGGING_SYMBOLS = YES;
				GCC_INLINES_ARE_PRIVATE_EXTERN = NO;
				GCC_OPTIMIZATION_LEVEL = 0;
				GCC_PREPROCESSOR_DEFINITIONS = "'CMAKE_INTDIR=\"$(CONFIGURATION)$(EFFECTIVE_PLATFORM_NAME)\"'";
				GCC_SYMBOLS_PRIVATE_EXTERN = NO;
				INSTALL_PATH = "";
				OTHER_LDFLAGS = " ";
				OTHER_REZFLAGS = "";
				PRODUCT_NAME = ALL_BUILD;
				SECTORDER_FLAGS = "";
				SYMROOT = "/Users/doug/Documents/GitHub/Udacity Self Driving Car Term 3/Project 1/CarND-Path-Planning-Project/xcode";
				USE_HEADERMAP = NO;
				WARNING_CFLAGS = (
					"-Wmost",
					"-Wno-four-char-constants",
					"-Wno-unknown-pragmas",
					"$(inherited)",
				);
			};
			name = MinSizeRel;
		};
		2C286BD73E8D4D3799BB6B21 /* RelWithDebInfo */ = {
			isa = XCBuildConfiguration;
			buildSettings = {
				ONLY_ACTIVE_ARCH = YES;
				SDKROOT = /Applications/Xcode.app/Contents/Developer/Platforms/MacOSX.platform/Developer/SDKs/MacOSX10.14.sdk;
				SYMROOT = "/Users/doug/Documents/GitHub/Udacity Self Driving Car Term 3/Project 1/CarND-Path-Planning-Project/xcode/build";
			};
			name = RelWithDebInfo;
		};
		3A732A81062F420196B41E66 /* Release */ = {
			isa = XCBuildConfiguration;
			buildSettings = {
				COMBINE_HIDPI_IMAGES = YES;
				EXECUTABLE_PREFIX = "";
				EXECUTABLE_SUFFIX = "";
				GCC_GENERATE_DEBUGGING_SYMBOLS = NO;
				GCC_INLINES_ARE_PRIVATE_EXTERN = NO;
				GCC_OPTIMIZATION_LEVEL = 0;
				GCC_PREPROCESSOR_DEFINITIONS = "'CMAKE_INTDIR=\"$(CONFIGURATION)$(EFFECTIVE_PLATFORM_NAME)\"'";
				GCC_SYMBOLS_PRIVATE_EXTERN = NO;
				HEADER_SEARCH_PATHS = (
					/usr/local/include,
					/usr/local/opt/openssl/include,
				);
				INSTALL_PATH = "";
				LD_RUNPATH_SEARCH_PATHS = "/usr/local/lib /usr/local/opt/openssl/lib /usr/local/Cellar/libuv/1.11.0/lib";
				LIBRARY_SEARCH_PATHS = (
					"/usr/local/lib/$(CONFIGURATION)$(EFFECTIVE_PLATFORM_NAME)",
					/usr/local/lib,
					"/usr/local/opt/openssl/lib/$(CONFIGURATION)$(EFFECTIVE_PLATFORM_NAME)",
					/usr/local/opt/openssl/lib,
					"/usr/local/Cellar/libuv/1.11.0/lib/$(CONFIGURATION)$(EFFECTIVE_PLATFORM_NAME)",
					/usr/local/Cellar/libuv/1.11.0/lib,
				);
				OTHER_CPLUSPLUSFLAGS = "   -std=c++11";
				OTHER_LDFLAGS = (
					"-Wl,-search_paths_first",
					"-Wl,-headerpad_max_install_names",
					"-lz",
					"-lssl",
					"-luv",
					"-luWS",
				);
				OTHER_REZFLAGS = "";
				PRODUCT_NAME = path_planning;
				SECTORDER_FLAGS = "";
				SYMROOT = "/Users/doug/Documents/GitHub/Udacity Self Driving Car Term 3/Project 1/CarND-Path-Planning-Project/xcode";
				USE_HEADERMAP = NO;
				WARNING_CFLAGS = (
					"-Wmost",
					"-Wno-four-char-constants",
					"-Wno-unknown-pragmas",
					"$(inherited)",
				);
			};
			name = Release;
		};
		3D4FBCA9EABA4AA88D1941FF /* Release */ = {
			isa = XCBuildConfiguration;
			buildSettings = {
				COMBINE_HIDPI_IMAGES = YES;
				GCC_GENERATE_DEBUGGING_SYMBOLS = YES;
				GCC_INLINES_ARE_PRIVATE_EXTERN = NO;
				GCC_OPTIMIZATION_LEVEL = 0;
				GCC_PREPROCESSOR_DEFINITIONS = "'CMAKE_INTDIR=\"$(CONFIGURATION)$(EFFECTIVE_PLATFORM_NAME)\"'";
				GCC_SYMBOLS_PRIVATE_EXTERN = NO;
				INSTALL_PATH = "";
				OTHER_LDFLAGS = " ";
				OTHER_REZFLAGS = "";
				PRODUCT_NAME = ALL_BUILD;
				SECTORDER_FLAGS = "";
				SYMROOT = "/Users/doug/Documents/GitHub/Udacity Self Driving Car Term 3/Project 1/CarND-Path-Planning-Project/xcode";
				USE_HEADERMAP = NO;
				WARNING_CFLAGS = (
					"-Wmost",
					"-Wno-four-char-constants",
					"-Wno-unknown-pragmas",
					"$(inherited)",
				);
			};
			name = Release;
		};
		48ED2AEFFAC84140AD1D92F0 /* Release */ = {
			isa = XCBuildConfiguration;
			buildSettings = {
				ONLY_ACTIVE_ARCH = YES;
				SDKROOT = /Applications/Xcode.app/Contents/Developer/Platforms/MacOSX.platform/Developer/SDKs/MacOSX10.14.sdk;
				SYMROOT = "/Users/doug/Documents/GitHub/Udacity Self Driving Car Term 3/Project 1/CarND-Path-Planning-Project/xcode/build";
			};
			name = Release;
		};
		6C3AB72CA2BC4DD2B4A9964D /* Debug */ = {
			isa = XCBuildConfiguration;
			buildSettings = {
				COMBINE_HIDPI_IMAGES = YES;
				GCC_GENERATE_DEBUGGING_SYMBOLS = YES;
				GCC_INLINES_ARE_PRIVATE_EXTERN = NO;
				GCC_OPTIMIZATION_LEVEL = 0;
				GCC_PREPROCESSOR_DEFINITIONS = "'CMAKE_INTDIR=\"$(CONFIGURATION)$(EFFECTIVE_PLATFORM_NAME)\"'";
				GCC_SYMBOLS_PRIVATE_EXTERN = NO;
				INSTALL_PATH = "";
				OTHER_LDFLAGS = " ";
				OTHER_REZFLAGS = "";
				PRODUCT_NAME = ZERO_CHECK;
				SECTORDER_FLAGS = "";
				SYMROOT = "/Users/doug/Documents/GitHub/Udacity Self Driving Car Term 3/Project 1/CarND-Path-Planning-Project/xcode";
				USE_HEADERMAP = NO;
				WARNING_CFLAGS = (
					"-Wmost",
					"-Wno-four-char-constants",
					"-Wno-unknown-pragmas",
					"$(inherited)",
				);
			};
			name = Debug;
		};
		84D5B7E136FB446FA5ACF02B /* RelWithDebInfo */ = {
			isa = XCBuildConfiguration;
			buildSettings = {
				COMBINE_HIDPI_IMAGES = YES;
				GCC_GENERATE_DEBUGGING_SYMBOLS = YES;
				GCC_INLINES_ARE_PRIVATE_EXTERN = NO;
				GCC_OPTIMIZATION_LEVEL = 0;
				GCC_PREPROCESSOR_DEFINITIONS = "'CMAKE_INTDIR=\"$(CONFIGURATION)$(EFFECTIVE_PLATFORM_NAME)\"'";
				GCC_SYMBOLS_PRIVATE_EXTERN = NO;
				INSTALL_PATH = "";
				OTHER_LDFLAGS = " ";
				OTHER_REZFLAGS = "";
				PRODUCT_NAME = ALL_BUILD;
				SECTORDER_FLAGS = "";
				SYMROOT = "/Users/doug/Documents/GitHub/Udacity Self Driving Car Term 3/Project 1/CarND-Path-Planning-Project/xcode";
				USE_HEADERMAP = NO;
				WARNING_CFLAGS = (
					"-Wmost",
					"-Wno-four-char-constants",
					"-Wno-unknown-pragmas",
					"$(inherited)",
				);
			};
			name = RelWithDebInfo;
		};
		898D8E1065EF4846B07BCE88 /* Debug */ = {
			isa = XCBuildConfiguration;
			buildSettings = {
				COMBINE_HIDPI_IMAGES = YES;
				GCC_GENERATE_DEBUGGING_SYMBOLS = YES;
				GCC_INLINES_ARE_PRIVATE_EXTERN = NO;
				GCC_OPTIMIZATION_LEVEL = 0;
				GCC_PREPROCESSOR_DEFINITIONS = "'CMAKE_INTDIR=\"$(CONFIGURATION)$(EFFECTIVE_PLATFORM_NAME)\"'";
				GCC_SYMBOLS_PRIVATE_EXTERN = NO;
				INSTALL_PATH = "";
				OTHER_LDFLAGS = " ";
				OTHER_REZFLAGS = "";
				PRODUCT_NAME = ALL_BUILD;
				SECTORDER_FLAGS = "";
				SYMROOT = "/Users/doug/Documents/GitHub/Udacity Self Driving Car Term 3/Project 1/CarND-Path-Planning-Project/xcode";
				USE_HEADERMAP = NO;
				WARNING_CFLAGS = (
					"-Wmost",
					"-Wno-four-char-constants",
					"-Wno-unknown-pragmas",
					"$(inherited)",
				);
			};
			name = Debug;
		};
		8D30ECD2A86C4AF0AE54B891 /* RelWithDebInfo */ = {
			isa = XCBuildConfiguration;
			buildSettings = {
				COMBINE_HIDPI_IMAGES = YES;
				EXECUTABLE_PREFIX = "";
				EXECUTABLE_SUFFIX = "";
				GCC_GENERATE_DEBUGGING_SYMBOLS = NO;
				GCC_INLINES_ARE_PRIVATE_EXTERN = NO;
				GCC_OPTIMIZATION_LEVEL = 0;
				GCC_PREPROCESSOR_DEFINITIONS = "'CMAKE_INTDIR=\"$(CONFIGURATION)$(EFFECTIVE_PLATFORM_NAME)\"'";
				GCC_SYMBOLS_PRIVATE_EXTERN = NO;
				HEADER_SEARCH_PATHS = (
					/usr/local/include,
					/usr/local/opt/openssl/include,
				);
				INSTALL_PATH = "";
				LD_RUNPATH_SEARCH_PATHS = "/usr/local/lib /usr/local/opt/openssl/lib /usr/local/Cellar/libuv/1.11.0/lib";
				LIBRARY_SEARCH_PATHS = (
					"/usr/local/lib/$(CONFIGURATION)$(EFFECTIVE_PLATFORM_NAME)",
					/usr/local/lib,
					"/usr/local/opt/openssl/lib/$(CONFIGURATION)$(EFFECTIVE_PLATFORM_NAME)",
					/usr/local/opt/openssl/lib,
					"/usr/local/Cellar/libuv/1.11.0/lib/$(CONFIGURATION)$(EFFECTIVE_PLATFORM_NAME)",
					/usr/local/Cellar/libuv/1.11.0/lib,
				);
				OTHER_CPLUSPLUSFLAGS = "   -std=c++11";
				OTHER_LDFLAGS = (
					"-Wl,-search_paths_first",
					"-Wl,-headerpad_max_install_names",
					"-lz",
					"-lssl",
					"-luv",
					"-luWS",
				);
				OTHER_REZFLAGS = "";
				PRODUCT_NAME = path_planning;
				SECTORDER_FLAGS = "";
				SYMROOT = "/Users/doug/Documents/GitHub/Udacity Self Driving Car Term 3/Project 1/CarND-Path-Planning-Project/xcode";
				USE_HEADERMAP = NO;
				WARNING_CFLAGS = (
					"-Wmost",
					"-Wno-four-char-constants",
					"-Wno-unknown-pragmas",
					"$(inherited)",
				);
			};
			name = RelWithDebInfo;
		};
		8F1EF574C4F4428F8ABCAAF7 /* RelWithDebInfo */ = {
			isa = XCBuildConfiguration;
			buildSettings = {
				COMBINE_HIDPI_IMAGES = YES;
				GCC_GENERATE_DEBUGGING_SYMBOLS = YES;
				GCC_INLINES_ARE_PRIVATE_EXTERN = NO;
				GCC_OPTIMIZATION_LEVEL = 0;
				GCC_PREPROCESSOR_DEFINITIONS = "'CMAKE_INTDIR=\"$(CONFIGURATION)$(EFFECTIVE_PLATFORM_NAME)\"'";
				GCC_SYMBOLS_PRIVATE_EXTERN = NO;
				INSTALL_PATH = "";
				OTHER_LDFLAGS = " ";
				OTHER_REZFLAGS = "";
				PRODUCT_NAME = ZERO_CHECK;
				SECTORDER_FLAGS = "";
				SYMROOT = "/Users/doug/Documents/GitHub/Udacity Self Driving Car Term 3/Project 1/CarND-Path-Planning-Project/xcode";
				USE_HEADERMAP = NO;
				WARNING_CFLAGS = (
					"-Wmost",
					"-Wno-four-char-constants",
					"-Wno-unknown-pragmas",
					"$(inherited)",
				);
			};
			name = RelWithDebInfo;
		};
		90F6C7B49594475CB168E210 /* MinSizeRel */ = {
			isa = XCBuildConfiguration;
			buildSettings = {
				COMBINE_HIDPI_IMAGES = YES;
				EXECUTABLE_PREFIX = "";
				EXECUTABLE_SUFFIX = "";
				GCC_GENERATE_DEBUGGING_SYMBOLS = NO;
				GCC_INLINES_ARE_PRIVATE_EXTERN = NO;
				GCC_OPTIMIZATION_LEVEL = 0;
				GCC_PREPROCESSOR_DEFINITIONS = "'CMAKE_INTDIR=\"$(CONFIGURATION)$(EFFECTIVE_PLATFORM_NAME)\"'";
				GCC_SYMBOLS_PRIVATE_EXTERN = NO;
				HEADER_SEARCH_PATHS = (
					/usr/local/include,
					/usr/local/opt/openssl/include,
				);
				INSTALL_PATH = "";
				LD_RUNPATH_SEARCH_PATHS = "/usr/local/lib /usr/local/opt/openssl/lib /usr/local/Cellar/libuv/1.11.0/lib";
				LIBRARY_SEARCH_PATHS = (
					"/usr/local/lib/$(CONFIGURATION)$(EFFECTIVE_PLATFORM_NAME)",
					/usr/local/lib,
					"/usr/local/opt/openssl/lib/$(CONFIGURATION)$(EFFECTIVE_PLATFORM_NAME)",
					/usr/local/opt/openssl/lib,
					"/usr/local/Cellar/libuv/1.11.0/lib/$(CONFIGURATION)$(EFFECTIVE_PLATFORM_NAME)",
					/usr/local/Cellar/libuv/1.11.0/lib,
				);
				OTHER_CPLUSPLUSFLAGS = "   -std=c++11";
				OTHER_LDFLAGS = (
					"-Wl,-search_paths_first",
					"-Wl,-headerpad_max_install_names",
					"-lz",
					"-lssl",
					"-luv",
					"-luWS",
				);
				OTHER_REZFLAGS = "";
				PRODUCT_NAME = path_planning;
				SECTORDER_FLAGS = "";
				SYMROOT = "/Users/doug/Documents/GitHub/Udacity Self Driving Car Term 3/Project 1/CarND-Path-Planning-Project/xcode";
				USE_HEADERMAP = NO;
				WARNING_CFLAGS = (
					"-Wmost",
					"-Wno-four-char-constants",
					"-Wno-unknown-pragmas",
					"$(inherited)",
				);
			};
			name = MinSizeRel;
		};
		A10D454B531D4A0099CE7FBC /* MinSizeRel */ = {
			isa = XCBuildConfiguration;
			buildSettings = {
				ONLY_ACTIVE_ARCH = YES;
				SDKROOT = /Applications/Xcode.app/Contents/Developer/Platforms/MacOSX.platform/Developer/SDKs/MacOSX10.14.sdk;
				SYMROOT = "/Users/doug/Documents/GitHub/Udacity Self Driving Car Term 3/Project 1/CarND-Path-Planning-Project/xcode/build";
			};
			name = MinSizeRel;
		};
		EC449FFB6AC549BCAE340F36 /* Release */ = {
			isa = XCBuildConfiguration;
			buildSettings = {
				COMBINE_HIDPI_IMAGES = YES;
				GCC_GENERATE_DEBUGGING_SYMBOLS = YES;
				GCC_INLINES_ARE_PRIVATE_EXTERN = NO;
				GCC_OPTIMIZATION_LEVEL = 0;
				GCC_PREPROCESSOR_DEFINITIONS = "'CMAKE_INTDIR=\"$(CONFIGURATION)$(EFFECTIVE_PLATFORM_NAME)\"'";
				GCC_SYMBOLS_PRIVATE_EXTERN = NO;
				INSTALL_PATH = "";
				OTHER_LDFLAGS = " ";
				OTHER_REZFLAGS = "";
				PRODUCT_NAME = ZERO_CHECK;
				SECTORDER_FLAGS = "";
				SYMROOT = "/Users/doug/Documents/GitHub/Udacity Self Driving Car Term 3/Project 1/CarND-Path-Planning-Project/xcode";
				USE_HEADERMAP = NO;
				WARNING_CFLAGS = (
					"-Wmost",
					"-Wno-four-char-constants",
					"-Wno-unknown-pragmas",
					"$(inherited)",
				);
			};
			name = Release;
		};
		F99990B4E47D45BC8574CCA4 /* MinSizeRel */ = {
			isa = XCBuildConfiguration;
			buildSettings = {
				COMBINE_HIDPI_IMAGES = YES;
				GCC_GENERATE_DEBUGGING_SYMBOLS = YES;
				GCC_INLINES_ARE_PRIVATE_EXTERN = NO;
				GCC_OPTIMIZATION_LEVEL = 0;
				GCC_PREPROCESSOR_DEFINITIONS = "'CMAKE_INTDIR=\"$(CONFIGURATION)$(EFFECTIVE_PLATFORM_NAME)\"'";
				GCC_SYMBOLS_PRIVATE_EXTERN = NO;
				INSTALL_PATH = "";
				OTHER_LDFLAGS = " ";
				OTHER_REZFLAGS = "";
				PRODUCT_NAME = ZERO_CHECK;
				SECTORDER_FLAGS = "";
				SYMROOT = "/Users/doug/Documents/GitHub/Udacity Self Driving Car Term 3/Project 1/CarND-Path-Planning-Project/xcode";
				USE_HEADERMAP = NO;
				WARNING_CFLAGS = (
					"-Wmost",
					"-Wno-four-char-constants",
					"-Wno-unknown-pragmas",
					"$(inherited)",
				);
			};
			name = MinSizeRel;
		};
/* End XCBuildConfiguration section */

/* Begin XCConfigurationList section */
		AB8DB71A6E724963933BF50F /* Build configuration list for PBXAggregateTarget "ALL_BUILD" */ = {
			isa = XCConfigurationList;
			buildConfigurations = (
				898D8E1065EF4846B07BCE88 /* Debug */,
				3D4FBCA9EABA4AA88D1941FF /* Release */,
				261433F88A204C959CAE0E0A /* MinSizeRel */,
				84D5B7E136FB446FA5ACF02B /* RelWithDebInfo */,
			);
			defaultConfigurationIsVisible = 0;
			defaultConfigurationName = Debug;
		};
		B6EBA0138B4042EBA2952E0F /* Build configuration list for PBXNativeTarget "path_planning" */ = {
			isa = XCConfigurationList;
			buildConfigurations = (
				0205095D7B904AD6A41613C8 /* Debug */,
				3A732A81062F420196B41E66 /* Release */,
				90F6C7B49594475CB168E210 /* MinSizeRel */,
				8D30ECD2A86C4AF0AE54B891 /* RelWithDebInfo */,
			);
			defaultConfigurationIsVisible = 0;
			defaultConfigurationName = Debug;
		};
		DF6877ACD51141C7A4DB6358 /* Build configuration list for PBXAggregateTarget "ZERO_CHECK" */ = {
			isa = XCConfigurationList;
			buildConfigurations = (
				6C3AB72CA2BC4DD2B4A9964D /* Debug */,
				EC449FFB6AC549BCAE340F36 /* Release */,
				F99990B4E47D45BC8574CCA4 /* MinSizeRel */,
				8F1EF574C4F4428F8ABCAAF7 /* RelWithDebInfo */,
			);
			defaultConfigurationIsVisible = 0;
			defaultConfigurationName = Debug;
		};
		FD6DE0F351B3484DB1553349 /* Build configuration list for PBXProject "Path_Planning" */ = {
			isa = XCConfigurationList;
			buildConfigurations = (
				1A5FEEAA329E486DB9162B2E /* Debug */,
				48ED2AEFFAC84140AD1D92F0 /* Release */,
				A10D454B531D4A0099CE7FBC /* MinSizeRel */,
				2C286BD73E8D4D3799BB6B21 /* RelWithDebInfo */,
			);
			defaultConfigurationIsVisible = 0;
			defaultConfigurationName = Debug;
		};
/* End XCConfigurationList section */
	};
	rootObject = 626152B7F9FB45D6830B9E2E /* Project object */;
}
